{
    "_readme": [
        "This file locks the dependencies of your project to a known state",
        "Read more about it at https://getcomposer.org/doc/01-basic-usage.md#composer-lock-the-lock-file",
        "This file is @generated automatically"
    ],
    "content-hash": "aac5d3e96ebda94ecb5cbba8fa2711f6",
    "packages": [
        {
            "name": "composer/installers",
            "version": "v1.5.0",
            "source": {
                "type": "git",
                "url": "https://github.com/composer/installers.git",
                "reference": "049797d727261bf27f2690430d935067710049c2"
            },
            "dist": {
                "type": "zip",
                "url": "https://api.github.com/repos/composer/installers/zipball/049797d727261bf27f2690430d935067710049c2",
                "reference": "049797d727261bf27f2690430d935067710049c2",
                "shasum": ""
            },
            "require": {
                "composer-plugin-api": "^1.0"
            },
            "replace": {
                "roundcube/plugin-installer": "*",
                "shama/baton": "*"
            },
            "require-dev": {
                "composer/composer": "1.0.*@dev",
                "phpunit/phpunit": "^4.8.36"
            },
            "type": "composer-plugin",
            "extra": {
                "class": "Composer\\Installers\\Plugin",
                "branch-alias": {
                    "dev-master": "1.0-dev"
                }
            },
            "autoload": {
                "psr-4": {
                    "Composer\\Installers\\": "src/Composer/Installers"
                }
            },
            "notification-url": "https://packagist.org/downloads/",
            "license": [
                "MIT"
            ],
            "authors": [
                {
                    "name": "Kyle Robinson Young",
                    "email": "kyle@dontkry.com",
                    "homepage": "https://github.com/shama"
                }
            ],
            "description": "A multi-framework Composer library installer",
            "homepage": "https://composer.github.io/installers/",
            "keywords": [
                "Craft",
                "Dolibarr",
                "Eliasis",
                "Hurad",
                "ImageCMS",
                "Kanboard",
                "Lan Management System",
                "MODX Evo",
                "Mautic",
                "Maya",
                "OXID",
                "Plentymarkets",
                "Porto",
                "RadPHP",
                "SMF",
                "Thelia",
                "WolfCMS",
                "agl",
                "aimeos",
                "annotatecms",
                "attogram",
                "bitrix",
                "cakephp",
                "chef",
                "cockpit",
                "codeigniter",
                "concrete5",
                "croogo",
                "dokuwiki",
                "drupal",
                "eZ Platform",
                "elgg",
                "expressionengine",
                "fuelphp",
                "grav",
                "installer",
                "itop",
                "joomla",
                "kohana",
                "laravel",
                "lavalite",
                "lithium",
                "magento",
                "majima",
                "mako",
                "mediawiki",
                "modulework",
                "modx",
                "moodle",
                "osclass",
                "phpbb",
                "piwik",
                "ppi",
                "puppet",
                "pxcms",
                "reindex",
                "roundcube",
                "shopware",
                "silverstripe",
                "sydes",
                "symfony",
                "typo3",
                "wordpress",
                "yawik",
                "zend",
                "zikula"
            ],
            "time": "2017-12-29T09:13:20+00:00"
        },
        {
            "name": "johnpbloch/wordpress",
            "version": "4.9.4",
            "source": {
                "type": "git",
                "url": "https://github.com/johnpbloch/wordpress.git",
                "reference": "5394373d26a8e304eb293c2a9359701a7ab03131"
            },
            "dist": {
                "type": "zip",
                "url": "https://api.github.com/repos/johnpbloch/wordpress/zipball/5394373d26a8e304eb293c2a9359701a7ab03131",
                "reference": "5394373d26a8e304eb293c2a9359701a7ab03131",
                "shasum": ""
            },
            "require": {
                "johnpbloch/wordpress-core": "4.9.4",
                "johnpbloch/wordpress-core-installer": "^1.0",
                "php": ">=5.3.2"
            },
            "type": "package",
            "notification-url": "https://packagist.org/downloads/",
            "license": [
                "GPL-2.0+"
            ],
            "authors": [
                {
                    "name": "WordPress Community",
                    "homepage": "http://wordpress.org/about/"
                }
            ],
            "description": "WordPress is web software you can use to create a beautiful website or blog.",
            "homepage": "http://wordpress.org/",
            "keywords": [
                "blog",
                "cms",
                "wordpress"
            ],
            "time": "2018-02-06T16:42:18+00:00"
        },
        {
            "name": "johnpbloch/wordpress-core",
            "version": "4.9.4",
            "source": {
                "type": "git",
                "url": "https://github.com/johnpbloch/wordpress-core.git",
                "reference": "eef672cdb4ae9e846c464d4d03684b43d4108eda"
            },
            "dist": {
                "type": "zip",
                "url": "https://api.github.com/repos/johnpbloch/wordpress-core/zipball/eef672cdb4ae9e846c464d4d03684b43d4108eda",
                "reference": "eef672cdb4ae9e846c464d4d03684b43d4108eda",
                "shasum": ""
            },
            "require": {
                "php": ">=5.3.2"
            },
            "provide": {
                "wordpress/core-implementation": "4.9.4"
            },
            "type": "wordpress-core",
            "notification-url": "https://packagist.org/downloads/",
            "license": [
                "GPL-2.0-or-later"
            ],
            "authors": [
                {
                    "name": "WordPress Community",
                    "homepage": "http://wordpress.org/about/"
                }
            ],
            "description": "WordPress is web software you can use to create a beautiful website or blog.",
            "homepage": "http://wordpress.org/",
            "keywords": [
                "blog",
                "cms",
                "wordpress"
            ],
            "time": "2018-02-06T16:42:13+00:00"
        },
        {
            "name": "johnpbloch/wordpress-core-installer",
            "version": "1.0.0.2",
            "source": {
                "type": "git",
                "url": "https://github.com/johnpbloch/wordpress-core-installer.git",
                "reference": "7941acd71725710a789daabe0557429da63e7ac6"
            },
            "dist": {
                "type": "zip",
                "url": "https://api.github.com/repos/johnpbloch/wordpress-core-installer/zipball/7941acd71725710a789daabe0557429da63e7ac6",
                "reference": "7941acd71725710a789daabe0557429da63e7ac6",
                "shasum": ""
            },
            "require": {
                "composer-plugin-api": "^1.0"
            },
            "conflict": {
                "composer/installers": "<1.0.6"
            },
            "require-dev": {
                "composer/composer": "^1.0",
                "phpunit/phpunit": ">=4.8.35"
            },
            "type": "composer-plugin",
            "extra": {
                "class": "johnpbloch\\Composer\\WordPressCorePlugin"
            },
            "autoload": {
                "psr-0": {
                    "johnpbloch\\Composer\\": "src/"
                }
            },
            "notification-url": "https://packagist.org/downloads/",
            "license": [
                "GPL-2.0+"
            ],
            "authors": [
                {
                    "name": "John P. Bloch",
                    "email": "me@johnpbloch.com"
                }
            ],
            "description": "A custom installer to handle deploying WordPress with composer",
            "keywords": [
                "wordpress"
            ],
            "time": "2018-01-29T14:49:29+00:00"
        },
        {
            "name": "wpackagist-plugin/advanced-custom-fields",
            "version": "5.6.9",
            "source": {
                "type": "svn",
                "url": "https://plugins.svn.wordpress.org/advanced-custom-fields/",
                "reference": "tags/5.6.9"
            },
            "dist": {
                "type": "zip",
                "url": "https://downloads.wordpress.org/plugin/advanced-custom-fields.5.6.9.zip",
                "reference": null,
                "shasum": null
            },
            "require": {
                "composer/installers": "~1.0"
            },
            "type": "wordpress-plugin",
            "homepage": "https://wordpress.org/plugins/advanced-custom-fields/"
        },
        {
            "name": "wpackagist-plugin/akismet",
            "version": "4.0.3",
            "source": {
                "type": "svn",
                "url": "https://plugins.svn.wordpress.org/akismet/",
                "reference": "tags/4.0.3"
            },
            "dist": {
                "type": "zip",
                "url": "https://downloads.wordpress.org/plugin/akismet.4.0.3.zip",
                "reference": null,
                "shasum": null
            },
            "require": {
                "composer/installers": "~1.0"
            },
            "type": "wordpress-plugin",
            "homepage": "https://wordpress.org/plugins/akismet/"
        },
        {
            "name": "wpackagist-plugin/backupwordpress",
            "version": "3.6.4",
            "source": {
                "type": "svn",
                "url": "https://plugins.svn.wordpress.org/backupwordpress/",
                "reference": "tags/3.6.4"
            },
            "dist": {
                "type": "zip",
                "url": "https://downloads.wordpress.org/plugin/backupwordpress.3.6.4.zip",
                "reference": null,
                "shasum": null
            },
            "require": {
                "composer/installers": "~1.0"
            },
            "type": "wordpress-plugin",
            "homepage": "https://wordpress.org/plugins/backupwordpress/"
        },
        {
            "name": "wpackagist-plugin/contact-form-7",
            "version": "5.0.1",
            "source": {
                "type": "svn",
                "url": "https://plugins.svn.wordpress.org/contact-form-7/",
                "reference": "tags/5.0.1"
            },
            "dist": {
                "type": "zip",
                "url": "https://downloads.wordpress.org/plugin/contact-form-7.5.0.1.zip",
                "reference": null,
                "shasum": null
            },
            "require": {
                "composer/installers": "~1.0"
            },
            "type": "wordpress-plugin",
            "homepage": "https://wordpress.org/plugins/contact-form-7/"
        },
        {
            "name": "wpackagist-plugin/content-views-query-and-display-post-page",
            "version": "1.9.9.6",
            "source": {
                "type": "svn",
                "url": "https://plugins.svn.wordpress.org/content-views-query-and-display-post-page/",
                "reference": "tags/1.9.9.6"
            },
            "dist": {
                "type": "zip",
                "url": "https://downloads.wordpress.org/plugin/content-views-query-and-display-post-page.1.9.9.6.zip",
                "reference": null,
                "shasum": null
            },
            "require": {
                "composer/installers": "~1.0"
            },
            "type": "wordpress-plugin",
            "homepage": "https://wordpress.org/plugins/content-views-query-and-display-post-page/"
        },
        {
            "name": "wpackagist-plugin/multiple-roles",
            "version": "1.2.0",
            "source": {
                "type": "svn",
                "url": "https://plugins.svn.wordpress.org/multiple-roles/",
                "reference": "tags/1.2.0"
            },
            "dist": {
                "type": "zip",
                "url": "https://downloads.wordpress.org/plugin/multiple-roles.1.2.0.zip",
                "reference": null,
                "shasum": null
            },
            "require": {
                "composer/installers": "~1.0"
            },
            "type": "wordpress-plugin",
            "homepage": "https://wordpress.org/plugins/multiple-roles/"
        },
        {
            "name": "wpackagist-plugin/ni-woocommerce-cost-of-goods",
            "version": "2.0.1",
            "source": {
                "type": "svn",
                "url": "https://plugins.svn.wordpress.org/ni-woocommerce-cost-of-goods/",
                "reference": "trunk"
            },
            "dist": {
                "type": "zip",
                "url": "https://downloads.wordpress.org/plugin/ni-woocommerce-cost-of-goods.zip?timestamp=1519550040",
                "reference": null,
                "shasum": null
            },
            "require": {
                "composer/installers": "~1.0"
            },
            "type": "wordpress-plugin",
            "homepage": "https://wordpress.org/plugins/ni-woocommerce-cost-of-goods/"
        },
        {
            "name": "wpackagist-plugin/perfect-woocommerce-brands",
            "version": "1.6.3",
            "source": {
                "type": "svn",
                "url": "https://plugins.svn.wordpress.org/perfect-woocommerce-brands/",
                "reference": "tags/1.6.3"
            },
            "dist": {
                "type": "zip",
                "url": "https://downloads.wordpress.org/plugin/perfect-woocommerce-brands.1.6.3.zip",
                "reference": null,
                "shasum": null
            },
            "require": {
                "composer/installers": "~1.0"
            },
            "type": "wordpress-plugin",
            "homepage": "https://wordpress.org/plugins/perfect-woocommerce-brands/"
        },
        {
            "name": "wpackagist-plugin/pods",
            "version": "2.7.1",
            "source": {
                "type": "svn",
                "url": "https://plugins.svn.wordpress.org/pods/",
                "reference": "tags/2.7.1"
            },
            "dist": {
                "type": "zip",
                "url": "https://downloads.wordpress.org/plugin/pods.2.7.1.zip",
                "reference": null,
                "shasum": null
            },
            "require": {
                "composer/installers": "~1.0"
            },
            "type": "wordpress-plugin",
            "homepage": "https://wordpress.org/plugins/pods/"
        },
        {
            "name": "wpackagist-plugin/userswitcher",
            "version": "2.0.0",
            "source": {
                "type": "svn",
                "url": "https://plugins.svn.wordpress.org/userswitcher/",
                "reference": "tags/2.0.0"
            },
            "dist": {
                "type": "zip",
                "url": "https://downloads.wordpress.org/plugin/userswitcher.2.0.0.zip",
                "reference": null,
                "shasum": null
            },
            "require": {
                "composer/installers": "~1.0"
            },
            "type": "wordpress-plugin",
            "homepage": "https://wordpress.org/plugins/userswitcher/"
        },
        {
            "name": "wpackagist-plugin/wc-vendors",
            "version": "1.9.14",
            "source": {
                "type": "svn",
                "url": "https://plugins.svn.wordpress.org/wc-vendors/",
                "reference": "tags/1.9.14"
            },
            "dist": {
                "type": "zip",
                "url": "https://downloads.wordpress.org/plugin/wc-vendors.1.9.14.zip",
                "reference": null,
                "shasum": null
            },
            "require": {
                "composer/installers": "~1.0"
            },
            "type": "wordpress-plugin",
            "homepage": "https://wordpress.org/plugins/wc-vendors/"
        },
        {
            "name": "wpackagist-plugin/woocommerce",
            "version": "3.3.3",
            "source": {
                "type": "svn",
                "url": "https://plugins.svn.wordpress.org/woocommerce/",
                "reference": "tags/3.3.3"
            },
            "dist": {
                "type": "zip",
                "url": "https://downloads.wordpress.org/plugin/woocommerce.3.3.3.zip",
                "reference": null,
                "shasum": null
            },
            "require": {
                "composer/installers": "~1.0"
            },
            "type": "wordpress-plugin",
            "homepage": "https://wordpress.org/plugins/woocommerce/"
        },
        {
            "name": "wpackagist-plugin/woocommerce-gateway-paypal-powered-by-braintree",
            "version": "2.1.1",
            "source": {
                "type": "svn",
                "url": "https://plugins.svn.wordpress.org/woocommerce-gateway-paypal-powered-by-braintree/",
                "reference": "tags/2.1.1"
            },
            "dist": {
                "type": "zip",
                "url": "https://downloads.wordpress.org/plugin/woocommerce-gateway-paypal-powered-by-braintree.2.1.1.zip",
                "reference": null,
                "shasum": null
            },
            "require": {
                "composer/installers": "~1.0"
            },
            "type": "wordpress-plugin",
            "homepage": "https://wordpress.org/plugins/woocommerce-gateway-paypal-powered-by-braintree/"
        },
        {
            "name": "wpackagist-plugin/woocommerce-jetpack",
            "version": "3.4.5",
            "source": {
                "type": "svn",
                "url": "https://plugins.svn.wordpress.org/woocommerce-jetpack/",
                "reference": "tags/3.4.5"
            },
            "dist": {
                "type": "zip",
                "url": "https://downloads.wordpress.org/plugin/woocommerce-jetpack.3.4.5.zip",
                "reference": null,
                "shasum": null
            },
            "require": {
                "composer/installers": "~1.0"
            },
            "type": "wordpress-plugin",
            "homepage": "https://wordpress.org/plugins/woocommerce-jetpack/"
        },
        {
            "name": "wpackagist-plugin/woocommerce-predictive-search",
            "version": "4.1.5",
            "source": {
                "type": "svn",
                "url": "https://plugins.svn.wordpress.org/woocommerce-predictive-search/",
                "reference": "tags/4.1.5"
            },
            "dist": {
                "type": "zip",
                "url": "https://downloads.wordpress.org/plugin/woocommerce-predictive-search.4.1.5.zip",
                "reference": null,
                "shasum": null
            },
            "require": {
                "composer/installers": "~1.0"
            },
            "type": "wordpress-plugin",
            "homepage": "https://wordpress.org/plugins/woocommerce-predictive-search/"
        },
        {
            "name": "wpackagist-plugin/woocommerce-product-addon",
            "version": "10.10",
            "source": {
                "type": "svn",
                "url": "https://plugins.svn.wordpress.org/woocommerce-product-addon/",
                "reference": "tags/10.10"
            },
            "dist": {
                "type": "zip",
                "url": "https://downloads.wordpress.org/plugin/woocommerce-product-addon.10.10.zip",
                "reference": null,
                "shasum": null
            },
            "require": {
                "composer/installers": "~1.0"
            },
            "type": "wordpress-plugin",
            "homepage": "https://wordpress.org/plugins/woocommerce-product-addon/"
        },
        {
            "name": "wpackagist-plugin/woocommerce-products-filter",
            "version": "1.2.0",
            "source": {
                "type": "svn",
                "url": "https://plugins.svn.wordpress.org/woocommerce-products-filter/",
                "reference": "trunk"
            },
            "dist": {
                "type": "zip",
                "url": "https://downloads.wordpress.org/plugin/woocommerce-products-filter.zip?timestamp=1520335486",
                "reference": null,
                "shasum": null
            },
            "require": {
                "composer/installers": "~1.0"
            },
            "type": "wordpress-plugin",
            "homepage": "https://wordpress.org/plugins/woocommerce-products-filter/"
        },
        {
            "name": "wpackagist-plugin/woocommerce-products-slider",
            "version": "1.12.20",
            "source": {
                "type": "svn",
                "url": "https://plugins.svn.wordpress.org/woocommerce-products-slider/",
                "reference": "trunk"
            },
            "dist": {
                "type": "zip",
                "url": "https://downloads.wordpress.org/plugin/woocommerce-products-slider.zip?timestamp=1519147518",
                "reference": null,
                "shasum": null
            },
            "require": {
                "composer/installers": "~1.0"
            },
            "type": "wordpress-plugin",
            "homepage": "https://wordpress.org/plugins/woocommerce-products-slider/"
        },
        {
            "name": "wpackagist-plugin/woocommerce-services",
            "version": "1.11.0",
            "source": {
                "type": "svn",
                "url": "https://plugins.svn.wordpress.org/woocommerce-services/",
                "reference": "tags/1.11.0"
            },
            "dist": {
                "type": "zip",
                "url": "https://downloads.wordpress.org/plugin/woocommerce-services.1.11.0.zip",
                "reference": null,
                "shasum": null
            },
            "require": {
                "composer/installers": "~1.0"
            },
            "type": "wordpress-plugin",
            "homepage": "https://wordpress.org/plugins/woocommerce-services/"
        },
        {
            "name": "wpackagist-plugin/woosquare",
            "version": "2.2",
            "source": {
                "type": "svn",
                "url": "https://plugins.svn.wordpress.org/woosquare/",
                "reference": "tags/2.2"
            },
            "dist": {
                "type": "zip",
                "url": "https://downloads.wordpress.org/plugin/woosquare.2.2.zip",
                "reference": null,
                "shasum": null
            },
            "require": {
                "composer/installers": "~1.0"
            },
            "type": "wordpress-plugin",
            "homepage": "https://wordpress.org/plugins/woosquare/"
        },
        {
            "name": "wpackagist-plugin/wp-smushit",
            "version": "2.7.8",
            "source": {
                "type": "svn",
                "url": "https://plugins.svn.wordpress.org/wp-smushit/",
                "reference": "tags/2.7.8"
            },
            "dist": {
                "type": "zip",
                "url": "https://downloads.wordpress.org/plugin/wp-smushit.2.7.8.zip",
                "reference": null,
                "shasum": null
            },
            "require": {
                "composer/installers": "~1.0"
            },
            "type": "wordpress-plugin",
            "homepage": "https://wordpress.org/plugins/wp-smushit/"
        }
    ],
    "packages-dev": [],
    "aliases": [],
    "minimum-stability": "stable",
    "stability-flags": {
        "wpackagist-plugin/ni-woocommerce-cost-of-goods": 20
    },
    "prefer-stable": false,
    "prefer-lowest": false,
    "platform": [],
    "platform-dev": []
}
